{
    "_meta": {
        "hash": {
            "sha256": "361bef6f67ffa3d5d4d4290e92e901c04cf8fcbd23822325c0a68bad7e2746bf"
        },
        "pipfile-spec": 6,
        "requires": {
            "python_version": "3.11"
        },
        "sources": [
            {
                "name": "pypi",
                "url": "https://pypi.org/simple",
                "verify_ssl": true
            }
        ]
    },
    "default": {
        "bcrypt": {
            "hashes": [
                "sha256:12611c4b0a8b1c461646228344784a1089bc0c49975680a2f54f516e71e9b79e",
                "sha256:12f40f78dcba4aa7d1354d35acf45fae9488862a4fb695c7eeda5ace6aae273f",
                "sha256:14d41933510717f98aac63378b7956bbe548986e435df173c841d7f2bd0b2de7",
                "sha256:196008d91201bbb1aa4e666fee5e610face25d532e433a560cabb33bfdff958b",
                "sha256:24c2ebd287b5b11016f31d506ca1052d068c3f9dc817160628504690376ff050",
                "sha256:2ade10e8613a3b8446214846d3ddbd56cfe9205a7d64742f0b75458c868f7492",
                "sha256:2e197534c884336f9020c1f3a8efbaab0aa96fc798068cb2da9c671818b7fbb0",
                "sha256:3d6c4e0d6963c52f8142cdea428e875042e7ce8c84812d8e5507bd1e42534e07",
                "sha256:476aa8e8aca554260159d4c7a97d6be529c8e177dbc1d443cb6b471e24e82c74",
                "sha256:755b9d27abcab678e0b8fb4d0abdebeea1f68dd1183b3f518bad8d31fa77d8be",
                "sha256:a7a7b8a87e51e5e8ca85b9fdaf3a5dc7aaf123365a09be7a27883d54b9a0c403",
                "sha256:bab33473f973e8058d1b2df8d6e095d237c49fbf7a02b527541a86a5d1dc4444",
                "sha256:c6450538a0fc32fb7ce4c6d511448c54c4ff7640b2ed81badf9898dcb9e5b737",
                "sha256:d573885b637815a7f3a3cd5f87724d7d0822da64b0ab0aa7f7c78bae534e86dc",
                "sha256:df37f5418d4f1cdcff845f60e747a015389fa4e63703c918330865e06ad80007",
                "sha256:f33b385c3e80b5a26b3a5e148e6165f873c1c202423570fdf45fe34e00e5f3e5",
                "sha256:fb931cd004a7ad36a89789caf18a54c20287ec1cd62161265344b9c4554fdb2e"
            ],
            "index": "pypi",
            "version": "==4.1.1"
        },
        "peewee": {
            "hashes": [
                "sha256:3a56967f28a43ca7a4287f4803752aeeb1a57a08dee2e839b99868181dfb5df8"
            ],
            "index": "pypi",
            "version": "==3.17.0"
        }
    },
    "develop": {
        "iniconfig": {
            "hashes": [
                "sha256:2d91e135bf72d31a410b17c16da610a82cb55f6b0477d1a902134b24a455b8b3",
                "sha256:b6a85871a79d2e3b22d2d1b94ac2824226a63c6b741c88f7ae975f18b6778374"
            ],
            "markers": "python_version >= '3.7'",
            "version": "==2.0.0"
        },
        "packaging": {
            "hashes": [
                "sha256:048fb0e9405036518eaaf48a55953c750c11e1a1b68e0dd1a9d62ed0c092cfc5",
                "sha256:8c491190033a9af7e1d931d0b5dacc2ef47509b34dd0de67ed209b5203fc88c7"
            ],
            "markers": "python_version >= '3.7'",
            "version": "==23.2"
        },
        "pluggy": {
            "hashes": [
                "sha256:cf61ae8f126ac6f7c451172cf30e3e43d3ca77615509771b3a984a0730651e12",
                "sha256:d89c696a773f8bd377d18e5ecda92b7a3793cbe66c87060a6fb58c7b6e1061f7"
            ],
            "markers": "python_version >= '3.8'",
            "version": "==1.3.0"
        },
        "pytest": {
            "hashes": [
                "sha256:0d009c083ea859a71b76adf7c1d502e4bc170b80a8ef002da5806527b9591fac",
                "sha256:d989d136982de4e3b29dabcc838ad581c64e8ed52c11fbe86ddebd9da0818cd5"
            ],
            "index": "pypi",
            "version": "==7.4.3"
        }
    }
}
